
Microsoft Visual Studio Solution File, Format Version 12.00
# Visual Studio Version 17
VisualStudioVersion = 17.1.32421.90
MinimumVisualStudioVersion = 10.0.40219.1
Project("{2150E333-8FDC-42A3-9474-1A3956D46DE8}") = "Domain", "Domain", "{9333B16B-E7FF-4DF6-BC55-5EDE89693D14}"
EndProject
Project("{2150E333-8FDC-42A3-9474-1A3956D46DE8}") = "Infra.Bus", "Infra.Bus", "{798E9424-8E21-4D46-AE7B-DEF5D795B57A}"
EndProject
Project("{2150E333-8FDC-42A3-9474-1A3956D46DE8}") = "Infra.IoC", "Infra.IoC", "{B966D1A8-BC3D-4591-A1D1-83F2BF3953FB}"
EndProject
Project("{2150E333-8FDC-42A3-9474-1A3956D46DE8}") = "Microservices", "Microservices", "{F21A59E5-7CD3-44E2-BF54-74671BB607C1}"
EndProject
Project("{2150E333-8FDC-42A3-9474-1A3956D46DE8}") = "Presentation", "Presentation", "{FDFB8DDD-62CB-4F36-AC3F-C5EA910E6C84}"
EndProject
Project("{9A19103F-16F7-4668-BE54-9A1E7A4F7556}") = "MicroRabbit.Domain.Core", "MicroRabbit.Domain.Core\MicroRabbit.Domain.Core.csproj", "{7F0D7BBE-9DA1-4772-8DA3-70C589AAD462}"
EndProject
Project("{9A19103F-16F7-4668-BE54-9A1E7A4F7556}") = "MicroRabbit.Infra.Bus", "MicroRabbit.Infra.Bus\MicroRabbit.Infra.Bus.csproj", "{8F70A0C5-4ED0-4DBD-8D04-10F8D731AD5A}"
EndProject
Project("{9A19103F-16F7-4668-BE54-9A1E7A4F7556}") = "MicroRabbit.Infra.IoC", "MicroRabbit.Infra.IoC\MicroRabbit.Infra.IoC.csproj", "{EE207DE0-4C92-4031-8840-2F3AC34E5BF7}"
EndProject
Project("{2150E333-8FDC-42A3-9474-1A3956D46DE8}") = "Banking", "Banking", "{E8CF4784-C605-42C9-B005-816F87C3B9D4}"
EndProject
Project("{2150E333-8FDC-42A3-9474-1A3956D46DE8}") = "Api", "Api", "{07281077-9B33-46BF-A459-0D84A2E5D1B8}"
EndProject
Project("{2150E333-8FDC-42A3-9474-1A3956D46DE8}") = "Domain", "Domain", "{5CA2002A-0E18-46A4-8695-31127FADA5DF}"
EndProject
Project("{2150E333-8FDC-42A3-9474-1A3956D46DE8}") = "Application", "Application", "{1C79025E-75DC-4398-8892-4BB40435132D}"
EndProject
Project("{2150E333-8FDC-42A3-9474-1A3956D46DE8}") = "Data", "Data", "{AB2FF894-A7D4-4BEC-8CB8-3477543EC207}"
EndProject
Project("{FAE04EC0-301F-11D3-BF4B-00C04F79EFBC}") = "MicroRabbit.Banking.Api", "MicroRabbit.Banking.Api\MicroRabbit.Banking.Api.csproj", "{C23153BF-7253-439B-8C58-DE3E61B3DBDA}"
EndProject
Project("{FAE04EC0-301F-11D3-BF4B-00C04F79EFBC}") = "MicroRabbit.Banking.Application", "MicroRabbit.Banking.Application\MicroRabbit.Banking.Application.csproj", "{234ED5FB-89A1-484F-8600-1348A0F72A20}"
EndProject
Project("{FAE04EC0-301F-11D3-BF4B-00C04F79EFBC}") = "MicroRabbit.Banking.Data", "MicroRabbit.Banking.Data\MicroRabbit.Banking.Data.csproj", "{C0021EFD-7EF3-486E-B767-DC2D25F2090B}"
EndProject
Project("{FAE04EC0-301F-11D3-BF4B-00C04F79EFBC}") = "MicroRabbit.Banking.Domain", "MicroRabbit.Banking.Domain\MicroRabbit.Banking.Domain.csproj", "{6F4EF11F-4FB8-403F-AADC-80918562D543}"
EndProject
Global
	GlobalSection(SolutionConfigurationPlatforms) = preSolution
		Debug|Any CPU = Debug|Any CPU
		Release|Any CPU = Release|Any CPU
	EndGlobalSection
	GlobalSection(ProjectConfigurationPlatforms) = postSolution
		{7F0D7BBE-9DA1-4772-8DA3-70C589AAD462}.Debug|Any CPU.ActiveCfg = Debug|Any CPU
		{7F0D7BBE-9DA1-4772-8DA3-70C589AAD462}.Debug|Any CPU.Build.0 = Debug|Any CPU
		{7F0D7BBE-9DA1-4772-8DA3-70C589AAD462}.Release|Any CPU.ActiveCfg = Release|Any CPU
		{7F0D7BBE-9DA1-4772-8DA3-70C589AAD462}.Release|Any CPU.Build.0 = Release|Any CPU
		{8F70A0C5-4ED0-4DBD-8D04-10F8D731AD5A}.Debug|Any CPU.ActiveCfg = Debug|Any CPU
		{8F70A0C5-4ED0-4DBD-8D04-10F8D731AD5A}.Debug|Any CPU.Build.0 = Debug|Any CPU
		{8F70A0C5-4ED0-4DBD-8D04-10F8D731AD5A}.Release|Any CPU.ActiveCfg = Release|Any CPU
		{8F70A0C5-4ED0-4DBD-8D04-10F8D731AD5A}.Release|Any CPU.Build.0 = Release|Any CPU
		{EE207DE0-4C92-4031-8840-2F3AC34E5BF7}.Debug|Any CPU.ActiveCfg = Debug|Any CPU
		{EE207DE0-4C92-4031-8840-2F3AC34E5BF7}.Debug|Any CPU.Build.0 = Debug|Any CPU
		{EE207DE0-4C92-4031-8840-2F3AC34E5BF7}.Release|Any CPU.ActiveCfg = Release|Any CPU
		{EE207DE0-4C92-4031-8840-2F3AC34E5BF7}.Release|Any CPU.Build.0 = Release|Any CPU
		{C23153BF-7253-439B-8C58-DE3E61B3DBDA}.Debug|Any CPU.ActiveCfg = Debug|Any CPU
		{C23153BF-7253-439B-8C58-DE3E61B3DBDA}.Debug|Any CPU.Build.0 = Debug|Any CPU
		{C23153BF-7253-439B-8C58-DE3E61B3DBDA}.Release|Any CPU.ActiveCfg = Release|Any CPU
		{C23153BF-7253-439B-8C58-DE3E61B3DBDA}.Release|Any CPU.Build.0 = Release|Any CPU
		{234ED5FB-89A1-484F-8600-1348A0F72A20}.Debug|Any CPU.ActiveCfg = Debug|Any CPU
		{234ED5FB-89A1-484F-8600-1348A0F72A20}.Debug|Any CPU.Build.0 = Debug|Any CPU
		{234ED5FB-89A1-484F-8600-1348A0F72A20}.Release|Any CPU.ActiveCfg = Release|Any CPU
		{234ED5FB-89A1-484F-8600-1348A0F72A20}.Release|Any CPU.Build.0 = Release|Any CPU
		{C0021EFD-7EF3-486E-B767-DC2D25F2090B}.Debug|Any CPU.ActiveCfg = Debug|Any CPU
		{C0021EFD-7EF3-486E-B767-DC2D25F2090B}.Debug|Any CPU.Build.0 = Debug|Any CPU
		{C0021EFD-7EF3-486E-B767-DC2D25F2090B}.Release|Any CPU.ActiveCfg = Release|Any CPU
		{C0021EFD-7EF3-486E-B767-DC2D25F2090B}.Release|Any CPU.Build.0 = Release|Any CPU
		{6F4EF11F-4FB8-403F-AADC-80918562D543}.Debug|Any CPU.ActiveCfg = Debug|Any CPU
		{6F4EF11F-4FB8-403F-AADC-80918562D543}.Debug|Any CPU.Build.0 = Debug|Any CPU
		{6F4EF11F-4FB8-403F-AADC-80918562D543}.Release|Any CPU.ActiveCfg = Release|Any CPU
		{6F4EF11F-4FB8-403F-AADC-80918562D543}.Release|Any CPU.Build.0 = Release|Any CPU
	EndGlobalSection
	GlobalSection(SolutionProperties) = preSolution
		HideSolutionNode = FALSE
	EndGlobalSection
	GlobalSection(NestedProjects) = preSolution
		{7F0D7BBE-9DA1-4772-8DA3-70C589AAD462} = {9333B16B-E7FF-4DF6-BC55-5EDE89693D14}
		{8F70A0C5-4ED0-4DBD-8D04-10F8D731AD5A} = {798E9424-8E21-4D46-AE7B-DEF5D795B57A}
		{EE207DE0-4C92-4031-8840-2F3AC34E5BF7} = {B966D1A8-BC3D-4591-A1D1-83F2BF3953FB}
		{E8CF4784-C605-42C9-B005-816F87C3B9D4} = {F21A59E5-7CD3-44E2-BF54-74671BB607C1}
		{07281077-9B33-46BF-A459-0D84A2E5D1B8} = {E8CF4784-C605-42C9-B005-816F87C3B9D4}
		{5CA2002A-0E18-46A4-8695-31127FADA5DF} = {E8CF4784-C605-42C9-B005-816F87C3B9D4}
		{1C79025E-75DC-4398-8892-4BB40435132D} = {E8CF4784-C605-42C9-B005-816F87C3B9D4}
		{AB2FF894-A7D4-4BEC-8CB8-3477543EC207} = {E8CF4784-C605-42C9-B005-816F87C3B9D4}
		{C23153BF-7253-439B-8C58-DE3E61B3DBDA} = {07281077-9B33-46BF-A459-0D84A2E5D1B8}
		{234ED5FB-89A1-484F-8600-1348A0F72A20} = {1C79025E-75DC-4398-8892-4BB40435132D}
		{C0021EFD-7EF3-486E-B767-DC2D25F2090B} = {AB2FF894-A7D4-4BEC-8CB8-3477543EC207}
		{6F4EF11F-4FB8-403F-AADC-80918562D543} = {5CA2002A-0E18-46A4-8695-31127FADA5DF}
	EndGlobalSection
	GlobalSection(ExtensibilityGlobals) = postSolution
		SolutionGuid = {2569E43B-4D00-463D-A973-F0A0169C0F62}
	EndGlobalSection
EndGlobal
