
Microsoft Visual Studio Solution File, Format Version 12.00
# Visual Studio Version 17
VisualStudioVersion = 17.1.32421.90
MinimumVisualStudioVersion = 10.0.40219.1
<<<<<<< HEAD
Project("{2150E333-8FDC-42A3-9474-1A3956D46DE8}") = "Domain", "Domain", "{9333B16B-E7FF-4DF6-BC55-5EDE89693D14}"
EndProject
Project("{2150E333-8FDC-42A3-9474-1A3956D46DE8}") = "Infra.Bus", "Infra.Bus", "{798E9424-8E21-4D46-AE7B-DEF5D795B57A}"
EndProject
Project("{2150E333-8FDC-42A3-9474-1A3956D46DE8}") = "Infra.IoC", "Infra.IoC", "{B966D1A8-BC3D-4591-A1D1-83F2BF3953FB}"
EndProject
Project("{2150E333-8FDC-42A3-9474-1A3956D46DE8}") = "Microservices", "Microservices", "{F21A59E5-7CD3-44E2-BF54-74671BB607C1}"
EndProject
Project("{2150E333-8FDC-42A3-9474-1A3956D46DE8}") = "Presentation", "Presentation", "{FDFB8DDD-62CB-4F36-AC3F-C5EA910E6C84}"
EndProject
Project("{9A19103F-16F7-4668-BE54-9A1E7A4F7556}") = "MicroRabbit.Domain.Core", "MicroRabbit.Domain.Core\MicroRabbit.Domain.Core.csproj", "{7F0D7BBE-9DA1-4772-8DA3-70C589AAD462}"
EndProject
Global
	GlobalSection(SolutionConfigurationPlatforms) = preSolution
		Debug|Any CPU = Debug|Any CPU
		Release|Any CPU = Release|Any CPU
	EndGlobalSection
	GlobalSection(ProjectConfigurationPlatforms) = postSolution
		{7F0D7BBE-9DA1-4772-8DA3-70C589AAD462}.Debug|Any CPU.ActiveCfg = Debug|Any CPU
		{7F0D7BBE-9DA1-4772-8DA3-70C589AAD462}.Debug|Any CPU.Build.0 = Debug|Any CPU
		{7F0D7BBE-9DA1-4772-8DA3-70C589AAD462}.Release|Any CPU.ActiveCfg = Release|Any CPU
		{7F0D7BBE-9DA1-4772-8DA3-70C589AAD462}.Release|Any CPU.Build.0 = Release|Any CPU
	EndGlobalSection
	GlobalSection(SolutionProperties) = preSolution
		HideSolutionNode = FALSE
	EndGlobalSection
	GlobalSection(NestedProjects) = preSolution
		{7F0D7BBE-9DA1-4772-8DA3-70C589AAD462} = {9333B16B-E7FF-4DF6-BC55-5EDE89693D14}
	EndGlobalSection
	GlobalSection(ExtensibilityGlobals) = postSolution
		SolutionGuid = {56AE2E08-4F0C-4E2E-A5BF-42288ABA3E17}
=======
Global
	GlobalSection(SolutionProperties) = preSolution
		HideSolutionNode = FALSE
	EndGlobalSection
	GlobalSection(ExtensibilityGlobals) = postSolution
		SolutionGuid = {2569E43B-4D00-463D-A973-F0A0169C0F62}
>>>>>>> ba3f81831fbe071545b9b1086ca58a4519f40dc3
	EndGlobalSection
EndGlobal
